
Microsoft Visual Studio Solution File, Format Version 12.00
# Visual Studio Version 16
VisualStudioVersion = 16.0.30907.101
MinimumVisualStudioVersion = 10.0.40219.1
Project("{FAE04EC0-301F-11D3-BF4B-00C04F79EFBC}") = "RecapDemo", "RecapDemo\RecapDemo.csproj", "{9EA504A8-C386-444E-A707-4E063A7DF158}"
EndProject
Global
	GlobalSection(SolutionConfigurationPlatforms) = preSolution
		Debug|Any CPU = Debug|Any CPU
		Release|Any CPU = Release|Any CPU
	EndGlobalSection
	GlobalSection(ProjectConfigurationPlatforms) = postSolution
		{9EA504A8-C386-444E-A707-4E063A7DF158}.Debug|Any CPU.ActiveCfg = Debug|Any CPU
		{9EA504A8-C386-444E-A707-4E063A7DF158}.Debug|Any CPU.Build.0 = Debug|Any CPU
		{9EA504A8-C386-444E-A707-4E063A7DF158}.Release|Any CPU.ActiveCfg = Release|Any CPU
		{9EA504A8-C386-444E-A707-4E063A7DF158}.Release|Any CPU.Build.0 = Release|Any CPU
	EndGlobalSection
	GlobalSection(SolutionProperties) = preSolution
		HideSolutionNode = FALSE
	EndGlobalSection
	GlobalSection(ExtensibilityGlobals) = postSolution
		SolutionGuid = {EFA51624-247E-41A8-AA3E-C342E5D56928}
	EndGlobalSection
EndGlobal
